// !$*UTF8*$!
{
	archiveVersion = 1;
	classes = {
	};
	objectVersion = 46;
	objects = {

/* Begin PBXBuildFile section */
		49DEEBC81B7EC6790005D914 /* main.m in Sources */ = {isa = PBXBuildFile; fileRef = 49DEEBC71B7EC6790005D914 /* main.m */; };
/* End PBXBuildFile section */

/* Begin PBXCopyFilesBuildPhase section */
		49DEEBC21B7EC6790005D914 /* CopyFiles */ = {
			isa = PBXCopyFilesBuildPhase;
			buildActionMask = 2147483647;
			dstPath = /usr/share/man/man1/;
			dstSubfolderSpec = 0;
			files = (
			);
			runOnlyForDeploymentPostprocessing = 1;
		};
/* End PBXCopyFilesBuildPhase section */

/* Begin PBXFileReference section */
		49DEEBC41B7EC6790005D914 /* task-oc01 */ = {isa = PBXFileReference; explicitFileType = "compiled.mach-o.executable"; includeInIndex = 0; path = "task-oc01"; sourceTree = BUILT_PRODUCTS_DIR; };
		49DEEBC71B7EC6790005D914 /* main.m */ = {isa = PBXFileReference; lastKnownFileType = sourcecode.c.objc; path = main.m; sourceTree = "<group>"; };
/* End PBXFileReference section */

/* Begin PBXFrameworksBuildPhase section */
		49DEEBC11B7EC6790005D914 /* Frameworks */ = {
			isa = PBXFrameworksBuildPhase;
			buildActionMask = 2147483647;
			files = (
			);
			runOnlyForDeploymentPostprocessing = 0;
		};
/* End PBXFrameworksBuildPhase section */

/* Begin PBXGroup section */
		49DEEBBB1B7EC6790005D914 = {
			isa = PBXGroup;
			children = (
				49DEEBC61B7EC6790005D914 /* task-oc01 */,
				49DEEBC51B7EC6790005D914 /* Products */,
			);
			sourceTree = "<group>";
		};
		49DEEBC51B7EC6790005D914 /* Products */ = {
			isa = PBXGroup;
			children = (
				49DEEBC41B7EC6790005D914 /* task-oc01 */,
			);
			name = Products;
			sourceTree = "<group>";
		};
		49DEEBC61B7EC6790005D914 /* task-oc01 */ = {
			isa = PBXGroup;
			children = (
				49DEEBC71B7EC6790005D914 /* main.m */,
			);
			path = "task-oc01";
			sourceTree = "<group>";
		};
/* End PBXGroup section */

/* Begin PBXNativeTarget section */
		49DEEBC31B7EC6790005D914 /* task-oc01 */ = {
			isa = PBXNativeTarget;
			buildConfigurationList = 49DEEBCB1B7EC6790005D914 /* Build configuration list for PBXNativeTarget "task-oc01" */;
			buildPhases = (
				49DEEBC01B7EC6790005D914 /* Sources */,
				49DEEBC11B7EC6790005D914 /* Frameworks */,
				49DEEBC21B7EC6790005D914 /* CopyFiles */,
			);
			buildRules = (
			);
			dependencies = (
			);
			name = "task-oc01";
			productName = "task-oc01";
			productReference = 49DEEBC41B7EC6790005D914 /* task-oc01 */;
			productType = "com.apple.product-type.tool";
		};
/* End PBXNativeTarget section */

/* Begin PBXProject section */
		49DEEBBC1B7EC6790005D914 /* Project object */ = {
			isa = PBXProject;
			attributes = {
				LastUpgradeCheck = 0630;
				ORGANIZATIONNAME = "中软mini025";
				TargetAttributes = {
					49DEEBC31B7EC6790005D914 = {
						CreatedOnToolsVersion = 6.3;
					};
				};
			};
			buildConfigurationList = 49DEEBBF1B7EC6790005D914 /* Build configuration list for PBXProject "task-oc01" */;
			compatibilityVersion = "Xcode 3.2";
			developmentRegion = English;
			hasScannedForEncodings = 0;
			knownRegions = (
				en,
			);
			mainGroup = 49DEEBBB1B7EC6790005D914;
			productRefGroup = 49DEEBC51B7EC6790005D914 /* Products */;
			projectDirPath = "";
			projectRoot = "";
			targets = (
				49DEEBC31B7EC6790005D914 /* task-oc01 */,
			);
		};
/* End PBXProject section */

/* Begin PBXSourcesBuildPhase section */
		49DEEBC01B7EC6790005D914 /* Sources */ = {
			isa = PBXSourcesBuildPhase;
			buildActionMask = 2147483647;
			files = (
				49DEEBC81B7EC6790005D914 /* main.m in Sources */,
			);
			runOnlyForDeploymentPostprocessing = 0;
		};
/* End PBXSourcesBuildPhase section */

/* Begin XCBuildConfiguration section */
		49DEEBC91B7EC6790005D914 /* Debug */ = {
			isa = XCBuildConfiguration;
			buildSettings = {
				ALWAYS_SEARCH_USER_PATHS = NO;
				CLANG_CXX_LANGUAGE_STANDARD = "gnu++0x";
				CLANG_CXX_LIBRARY = "libc++";
				CLANG_ENABLE_MODULES = YES;
				CLANG_ENABLE_OBJC_ARC = YES;
				CLANG_WARN_BOOL_CONVERSION = YES;
				CLANG_WARN_CONSTANT_CONVERSION = YES;
				CLANG_WARN_DIRECT_OBJC_ISA_USAGE = YES_ERROR;
				CLANG_WARN_EMPTY_BODY = YES;
				CLANG_WARN_ENUM_CONVERSION = YES;
				CLANG_WARN_INT_CONVERSION = YES;
				CLANG_WARN_OBJC_ROOT_CLASS = YES_ERROR;
				CLANG_WARN_UNREACHABLE_CODE = YES;
				CLANG_WARN__DUPLICATE_METHOD_MATCH = YES;
				COPY_PHASE_STRIP = NO;
				DEBUG_INFORMATION_FORMAT = dwarf;
				ENABLE_STRICT_OBJC_MSGSEND = YES;
				GCC_C_LANGUAGE_STANDARD = gnu99;
				GCC_DYNAMIC_NO_PIC = NO;
				GCC_NO_COMMON_BLOCKS = YES;
				GCC_OPTIMIZATION_LEVEL = 0;
				GCC_PREPROCESSOR_DEFINITIONS = (
					"DEBUG=1",
					"$(inherited)",
				);
				GCC_SYMBOLS_PRIVATE_EXTERN = NO;
				GCC_WARN_64_TO_32_BIT_CONVERSION = YES;
				GCC_WARN_ABOUT_RETURN_TYPE = YES_ERROR;
				GCC_WARN_UNDECLARED_SELECTOR = YES;
				GCC_WARN_UNINITIALIZED_AUTOS = YES_AGGRESSIVE;
				GCC_WARN_UNUSED_FUNCTION = YES;
				GCC_WARN_UNUSED_VARIABLE = YES;
				MACOSX_DEPLOYMENT_TARGET = 10.10;
				MTL_ENABLE_DEBUG_INFO = YES;
				ONLY_ACTIVE_ARCH = YES;
				SDKROOT = macosx;
			};
			name = Debug;
		};
		49DEEBCA1B7EC6790005D914 /* Release */ = {
			isa = XCBuildConfiguration;
			buildSettings = {
				ALWAYS_SEARCH_USER_PATHS = NO;
				CLANG_CXX_LANGUAGE_STANDARD = "gnu++0x";
				CLANG_CXX_LIBRARY = "libc++";
				CLANG_ENABLE_MODULES = YES;
				CLANG_ENABLE_OBJC_ARC = YES;
				CLANG_WARN_BOOL_CONVERSION = YES;
				CLANG_WARN_CONSTANT_CONVERSION = YES;
				CLANG_WARN_DIRECT_OBJC_ISA_USAGE = YES_ERROR;
				CLANG_WARN_EMPTY_BODY = YES;
				CLANG_WARN_ENUM_CONVERSION = YES;
				CLANG_WARN_INT_CONVERSION = YES;
				CLANG_WARN_OBJC_ROOT_CLASS = YES_ERROR;
				CLANG_WARN_UNREACHABLE_CODE = YES;
				CLANG_WARN__DUPLICATE_METHOD_MATCH = YES;
				COPY_PHASE_STRIP = NO;
				DEBUG_INFORMATION_FORMAT = "dwarf-with-dsym";
				ENABLE_NS_ASSERTIONS = NO;
				ENABLE_STRICT_OBJC_MSGSEND = YES;
				GCC_C_LANGUAGE_STANDARD = gnu99;
				GCC_NO_COMMON_BLOCKS = YES;
				GCC_WARN_64_TO_32_BIT_CONVERSION = YES;
				GCC_WARN_ABOUT_RETURN_TYPE = YES_ERROR;
				GCC_WARN_UNDECLARED_SELECTOR = YES;
				GCC_WARN_UNINITIALIZED_AUTOS = YES_AGGRESSIVE;
				GCC_WARN_UNUSED_FUNCTION = YES;
				GCC_WARN_UNUSED_VARIABLE = YES;
				MACOSX_DEPLOYMENT_TARGET = 10.10;
				MTL_ENABLE_DEBUG_INFO = NO;
				SDKROOT = macosx;
			};
			name = Release;
		};
		49DEEBCC1B7EC6790005D914 /* Debug */ = {
			isa = XCBuildConfiguration;
			buildSettings = {
				PRODUCT_NAME = "$(TARGET_NAME)";
			};
			name = Debug;
		};
		49DEEBCD1B7EC6790005D914 /* Release */ = {
			isa = XCBuildConfiguration;
			buildSettings = {
				PRODUCT_NAME = "$(TARGET_NAME)";
			};
			name = Release;
		};
/* End XCBuildConfiguration section */

/* Begin XCConfigurationList section */
		49DEEBBF1B7EC6790005D914 /* Build configuration list for PBXProject "task-oc01" */ = {
			isa = XCConfigurationList;
			buildConfigurations = (
				49DEEBC91B7EC6790005D914 /* Debug */,
				49DEEBCA1B7EC6790005D914 /* Release */,
			);
			defaultConfigurationIsVisible = 0;
			defaultConfigurationName = Release;
		};
		49DEEBCB1B7EC6790005D914 /* Build configuration list for PBXNativeTarget "task-oc01" */ = {
			isa = XCConfigurationList;
			buildConfigurations = (
				49DEEBCC1B7EC6790005D914 /* Debug */,
				49DEEBCD1B7EC6790005D914 /* Release */,
			);
			defaultConfigurationIsVisible = 0;
		};
/* End XCConfigurationList section */
	};
	rootObject = 49DEEBBC1B7EC6790005D914 /* Project object */;
}
